// !$*UTF8*$!
{
	archiveVersion = 1;
	classes = {
	};
	objectVersion = 50;
	objects = {

/* Begin PBXBuildFile section */
		C581F60B235B74870059B3E4 /* AppDelegate.m in Sources */ = {isa = PBXBuildFile; fileRef = C581F60A235B74870059B3E4 /* AppDelegate.m */; };
		C581F60E235B74870059B3E4 /* SceneDelegate.m in Sources */ = {isa = PBXBuildFile; fileRef = C581F60D235B74870059B3E4 /* SceneDelegate.m */; };
		C581F611235B74870059B3E4 /* ViewController.m in Sources */ = {isa = PBXBuildFile; fileRef = C581F610235B74870059B3E4 /* ViewController.m */; };
		C581F614235B74870059B3E4 /* Main.storyboard in Resources */ = {isa = PBXBuildFile; fileRef = C581F612235B74870059B3E4 /* Main.storyboard */; };
		C581F616235B748B0059B3E4 /* Assets.xcassets in Resources */ = {isa = PBXBuildFile; fileRef = C581F615235B748B0059B3E4 /* Assets.xcassets */; };
		C581F619235B748B0059B3E4 /* LaunchScreen.storyboard in Resources */ = {isa = PBXBuildFile; fileRef = C581F617235B748B0059B3E4 /* LaunchScreen.storyboard */; };
		C581F61C235B748B0059B3E4 /* main.m in Sources */ = {isa = PBXBuildFile; fileRef = C581F61B235B748B0059B3E4 /* main.m */; };
/* End PBXBuildFile section */

/* Begin PBXFileReference section */
		C581F606235B74870059B3E4 /* LaurelmojiCatalyst.app */ = {isa = PBXFileReference; explicitFileType = wrapper.application; includeInIndex = 0; path = LaurelmojiCatalyst.app; sourceTree = BUILT_PRODUCTS_DIR; };
		C581F609235B74870059B3E4 /* AppDelegate.h */ = {isa = PBXFileReference; lastKnownFileType = sourcecode.c.h; path = AppDelegate.h; sourceTree = "<group>"; };
		C581F60A235B74870059B3E4 /* AppDelegate.m */ = {isa = PBXFileReference; lastKnownFileType = sourcecode.c.objc; path = AppDelegate.m; sourceTree = "<group>"; };
		C581F60C235B74870059B3E4 /* SceneDelegate.h */ = {isa = PBXFileReference; lastKnownFileType = sourcecode.c.h; path = SceneDelegate.h; sourceTree = "<group>"; };
		C581F60D235B74870059B3E4 /* SceneDelegate.m */ = {isa = PBXFileReference; lastKnownFileType = sourcecode.c.objc; path = SceneDelegate.m; sourceTree = "<group>"; };
		C581F60F235B74870059B3E4 /* ViewController.h */ = {isa = PBXFileReference; lastKnownFileType = sourcecode.c.h; path = ViewController.h; sourceTree = "<group>"; };
		C581F610235B74870059B3E4 /* ViewController.m */ = {isa = PBXFileReference; lastKnownFileType = sourcecode.c.objc; path = ViewController.m; sourceTree = "<group>"; };
		C581F613235B74870059B3E4 /* Base */ = {isa = PBXFileReference; lastKnownFileType = file.storyboard; name = Base; path = Base.lproj/Main.storyboard; sourceTree = "<group>"; };
		C581F615235B748B0059B3E4 /* Assets.xcassets */ = {isa = PBXFileReference; lastKnownFileType = folder.assetcatalog; path = Assets.xcassets; sourceTree = "<group>"; };
		C581F618235B748B0059B3E4 /* Base */ = {isa = PBXFileReference; lastKnownFileType = file.storyboard; name = Base; path = Base.lproj/LaunchScreen.storyboard; sourceTree = "<group>"; };
		C581F61A235B748B0059B3E4 /* Info.plist */ = {isa = PBXFileReference; lastKnownFileType = text.plist.xml; path = Info.plist; sourceTree = "<group>"; };
		C581F61B235B748B0059B3E4 /* main.m */ = {isa = PBXFileReference; lastKnownFileType = sourcecode.c.objc; path = main.m; sourceTree = "<group>"; };
/* End PBXFileReference section */

/* Begin PBXFrameworksBuildPhase section */
		C581F603235B74870059B3E4 /* Frameworks */ = {
			isa = PBXFrameworksBuildPhase;
			buildActionMask = 2147483647;
			files = (
			);
			runOnlyForDeploymentPostprocessing = 0;
		};
/* End PBXFrameworksBuildPhase section */

/* Begin PBXGroup section */
		C581F5FD235B74870059B3E4 = {
			isa = PBXGroup;
			children = (
				C581F608235B74870059B3E4 /* LaurelmojiCatalyst */,
				C581F607235B74870059B3E4 /* Products */,
			);
			sourceTree = "<group>";
		};
		C581F607235B74870059B3E4 /* Products */ = {
			isa = PBXGroup;
			children = (
				C581F606235B74870059B3E4 /* LaurelmojiCatalyst.app */,
			);
			name = Products;
			sourceTree = "<group>";
		};
		C581F608235B74870059B3E4 /* LaurelmojiCatalyst */ = {
			isa = PBXGroup;
			children = (
				C581F609235B74870059B3E4 /* AppDelegate.h */,
				C581F60A235B74870059B3E4 /* AppDelegate.m */,
				C581F60C235B74870059B3E4 /* SceneDelegate.h */,
				C581F60D235B74870059B3E4 /* SceneDelegate.m */,
				C581F60F235B74870059B3E4 /* ViewController.h */,
				C581F610235B74870059B3E4 /* ViewController.m */,
				C581F612235B74870059B3E4 /* Main.storyboard */,
				C581F615235B748B0059B3E4 /* Assets.xcassets */,
				C581F617235B748B0059B3E4 /* LaunchScreen.storyboard */,
				C581F61A235B748B0059B3E4 /* Info.plist */,
				C581F61B235B748B0059B3E4 /* main.m */,
			);
			path = LaurelmojiCatalyst;
			sourceTree = "<group>";
		};
/* End PBXGroup section */

/* Begin PBXNativeTarget section */
		C581F605235B74870059B3E4 /* LaurelmojiCatalyst */ = {
			isa = PBXNativeTarget;
			buildConfigurationList = C581F61F235B748B0059B3E4 /* Build configuration list for PBXNativeTarget "LaurelmojiCatalyst" */;
			buildPhases = (
				C581F602235B74870059B3E4 /* Sources */,
				C581F603235B74870059B3E4 /* Frameworks */,
				C581F604235B74870059B3E4 /* Resources */,
			);
			buildRules = (
			);
			dependencies = (
			);
			name = LaurelmojiCatalyst;
			productName = LaurelmojiCatalyst;
			productReference = C581F606235B74870059B3E4 /* LaurelmojiCatalyst.app */;
			productType = "com.apple.product-type.application";
		};
/* End PBXNativeTarget section */

/* Begin PBXProject section */
		C581F5FE235B74870059B3E4 /* Project object */ = {
			isa = PBXProject;
			attributes = {
				LastUpgradeCheck = 1100;
				ORGANIZATIONNAME = "Zhuowei Zhang";
				TargetAttributes = {
					C581F605235B74870059B3E4 = {
						CreatedOnToolsVersion = 11.0;
					};
				};
			};
			buildConfigurationList = C581F601235B74870059B3E4 /* Build configuration list for PBXProject "LaurelmojiCatalyst" */;
			compatibilityVersion = "Xcode 9.3";
			developmentRegion = en;
			hasScannedForEncodings = 0;
			knownRegions = (
				en,
				Base,
			);
			mainGroup = C581F5FD235B74870059B3E4;
			productRefGroup = C581F607235B74870059B3E4 /* Products */;
			projectDirPath = "";
			projectRoot = "";
			targets = (
				C581F605235B74870059B3E4 /* LaurelmojiCatalyst */,
			);
		};
/* End PBXProject section */

/* Begin PBXResourcesBuildPhase section */
		C581F604235B74870059B3E4 /* Resources */ = {
			isa = PBXResourcesBuildPhase;
			buildActionMask = 2147483647;
			files = (
				C581F619235B748B0059B3E4 /* LaunchScreen.storyboard in Resources */,
				C581F616235B748B0059B3E4 /* Assets.xcassets in Resources */,
				C581F614235B74870059B3E4 /* Main.storyboard in Resources */,
			);
			runOnlyForDeploymentPostprocessing = 0;
		};
/* End PBXResourcesBuildPhase section */

/* Begin PBXSourcesBuildPhase section */
		C581F602235B74870059B3E4 /* Sources */ = {
			isa = PBXSourcesBuildPhase;
			buildActionMask = 2147483647;
			files = (
				C581F611235B74870059B3E4 /* ViewController.m in Sources */,
				C581F60B235B74870059B3E4 /* AppDelegate.m in Sources */,
				C581F61C235B748B0059B3E4 /* main.m in Sources */,
				C581F60E235B74870059B3E4 /* SceneDelegate.m in Sources */,
			);
			runOnlyForDeploymentPostprocessing = 0;
		};
/* End PBXSourcesBuildPhase section */

/* Begin PBXVariantGroup section */
		C581F612235B74870059B3E4 /* Main.storyboard */ = {
			isa = PBXVariantGroup;
			children = (
				C581F613235B74870059B3E4 /* Base */,
			);
			name = Main.storyboard;
			sourceTree = "<group>";
		};
		C581F617235B748B0059B3E4 /* LaunchScreen.storyboard */ = {
			isa = PBXVariantGroup;
			children = (
				C581F618235B748B0059B3E4 /* Base */,
			);
			name = LaunchScreen.storyboard;
			sourceTree = "<group>";
		};
/* End PBXVariantGroup section */

/* Begin XCBuildConfiguration section */
		C581F61D235B748B0059B3E4 /* Debug */ = {
			isa = XCBuildConfiguration;
			buildSettings = {
				ALWAYS_SEARCH_USER_PATHS = NO;
				CLANG_ANALYZER_NONNULL = YES;
				CLANG_ANALYZER_NUMBER_OBJECT_CONVERSION = YES_AGGRESSIVE;
				CLANG_CXX_LANGUAGE_STANDARD = "gnu++14";
				CLANG_CXX_LIBRARY = "libc++";
				CLANG_ENABLE_MODULES = YES;
				CLANG_ENABLE_OBJC_ARC = YES;
				CLANG_ENABLE_OBJC_WEAK = YES;
				CLANG_WARN_BLOCK_CAPTURE_AUTORELEASING = YES;
				CLANG_WARN_BOOL_CONVERSION = YES;
				CLANG_WARN_COMMA = YES;
				CLANG_WARN_CONSTANT_CONVERSION = YES;
				CLANG_WARN_DEPRECATED_OBJC_IMPLEMENTATIONS = YES;
				CLANG_WARN_DIRECT_OBJC_ISA_USAGE = YES_ERROR;
				CLANG_WARN_DOCUMENTATION_COMMENTS = YES;
				CLANG_WARN_EMPTY_BODY = YES;
				CLANG_WARN_ENUM_CONVERSION = YES;
				CLANG_WARN_INFINITE_RECURSION = YES;
				CLANG_WARN_INT_CONVERSION = YES;
				CLANG_WARN_NON_LITERAL_NULL_CONVERSION = YES;
				CLANG_WARN_OBJC_IMPLICIT_RETAIN_SELF = YES;
				CLANG_WARN_OBJC_LITERAL_CONVERSION = YES;
				CLANG_WARN_OBJC_ROOT_CLASS = YES_ERROR;
				CLANG_WARN_RANGE_LOOP_ANALYSIS = YES;
				CLANG_WARN_STRICT_PROTOTYPES = YES;
				CLANG_WARN_SUSPICIOUS_MOVE = YES;
				CLANG_WARN_UNGUARDED_AVAILABILITY = YES_AGGRESSIVE;
				CLANG_WARN_UNREACHABLE_CODE = YES;
				CLANG_WARN__DUPLICATE_METHOD_MATCH = YES;
				COPY_PHASE_STRIP = NO;
				DEBUG_INFORMATION_FORMAT = dwarf;
				ENABLE_STRICT_OBJC_MSGSEND = YES;
				ENABLE_TESTABILITY = YES;
				GCC_C_LANGUAGE_STANDARD = gnu11;
				GCC_DYNAMIC_NO_PIC = NO;
				GCC_NO_COMMON_BLOCKS = YES;
				GCC_OPTIMIZATION_LEVEL = 0;
				GCC_PREPROCESSOR_DEFINITIONS = (
					"DEBUG=1",
					"$(inherited)",
				);
				GCC_WARN_64_TO_32_BIT_CONVERSION = YES;
				GCC_WARN_ABOUT_RETURN_TYPE = YES_ERROR;
				GCC_WARN_UNDECLARED_SELECTOR = YES;
				GCC_WARN_UNINITIALIZED_AUTOS = YES_AGGRESSIVE;
				GCC_WARN_UNUSED_FUNCTION = YES;
				GCC_WARN_UNUSED_VARIABLE = YES;
				IPHONEOS_DEPLOYMENT_TARGET = 13.0;
				MTL_ENABLE_DEBUG_INFO = INCLUDE_SOURCE;
				MTL_FAST_MATH = YES;
				ONLY_ACTIVE_ARCH = YES;
				SDKROOT = iphoneos;
			};
			name = Debug;
		};
		C581F61E235B748B0059B3E4 /* Release */ = {
			isa = XCBuildConfiguration;
			buildSettings = {
				ALWAYS_SEARCH_USER_PATHS = NO;
				CLANG_ANALYZER_NONNULL = YES;
				CLANG_ANALYZER_NUMBER_OBJECT_CONVERSION = YES_AGGRESSIVE;
				CLANG_CXX_LANGUAGE_STANDARD = "gnu++14";
				CLANG_CXX_LIBRARY = "libc++";
				CLANG_ENABLE_MODULES = YES;
				CLANG_ENABLE_OBJC_ARC = YES;
				CLANG_ENABLE_OBJC_WEAK = YES;
				CLANG_WARN_BLOCK_CAPTURE_AUTORELEASING = YES;
				CLANG_WARN_BOOL_CONVERSION = YES;
				CLANG_WARN_COMMA = YES;
				CLANG_WARN_CONSTANT_CONVERSION = YES;
				CLANG_WARN_DEPRECATED_OBJC_IMPLEMENTATIONS = YES;
				CLANG_WARN_DIRECT_OBJC_ISA_USAGE = YES_ERROR;
				CLANG_WARN_DOCUMENTATION_COMMENTS = YES;
				CLANG_WARN_EMPTY_BODY = YES;
				CLANG_WARN_ENUM_CONVERSION = YES;
				CLANG_WARN_INFINITE_RECURSION = YES;
				CLANG_WARN_INT_CONVERSION = YES;
				CLANG_WARN_NON_LITERAL_NULL_CONVERSION = YES;
				CLANG_WARN_OBJC_IMPLICIT_RETAIN_SELF = YES;
				CLANG_WARN_OBJC_LITERAL_CONVERSION = YES;
				CLANG_WARN_OBJC_ROOT_CLASS = YES_ERROR;
				CLANG_WARN_RANGE_LOOP_ANALYSIS = YES;
				CLANG_WARN_STRICT_PROTOTYPES = YES;
				CLANG_WARN_SUSPICIOUS_MOVE = YES;
				CLANG_WARN_UNGUARDED_AVAILABILITY = YES_AGGRESSIVE;
				CLANG_WARN_UNREACHABLE_CODE = YES;
				CLANG_WARN__DUPLICATE_METHOD_MATCH = YES;
				COPY_PHASE_STRIP = NO;
				DEBUG_INFORMATION_FORMAT = "dwarf-with-dsym";
				ENABLE_NS_ASSERTIONS = NO;
				ENABLE_STRICT_OBJC_MSGSEND = YES;
				GCC_C_LANGUAGE_STANDARD = gnu11;
				GCC_NO_COMMON_BLOCKS = YES;
				GCC_WARN_64_TO_32_BIT_CONVERSION = YES;
				GCC_WARN_ABOUT_RETURN_TYPE = YES_ERROR;
				GCC_WARN_UNDECLARED_SELECTOR = YES;
				GCC_WARN_UNINITIALIZED_AUTOS = YES_AGGRESSIVE;
				GCC_WARN_UNUSED_FUNCTION = YES;
				GCC_WARN_UNUSED_VARIABLE = YES;
				IPHONEOS_DEPLOYMENT_TARGET = 13.0;
				MTL_ENABLE_DEBUG_INFO = NO;
				MTL_FAST_MATH = YES;
				SDKROOT = iphoneos;
				VALIDATE_PRODUCT = YES;
			};
			name = Release;
		};
		C581F620235B748B0059B3E4 /* Debug */ = {
			isa = XCBuildConfiguration;
			buildSettings = {
				ASSETCATALOG_COMPILER_APPICON_NAME = AppIcon;
				CODE_SIGN_STYLE = Automatic;
				DEVELOPMENT_TEAM = 3D7RY4393N;
				INFOPLIST_FILE = LaurelmojiCatalyst/Info.plist;
				LD_RUNPATH_SEARCH_PATHS = (
					"$(inherited)",
					"@executable_path/Frameworks",
				);
				PRODUCT_BUNDLE_IDENTIFIER = com.worthdoingbadly.LaurelmojiCatalyst;
				PRODUCT_NAME = "$(TARGET_NAME)";
				TARGETED_DEVICE_FAMILY = "1,2";
			};
			name = Debug;
		};
		C581F621235B748B0059B3E4 /* Release */ = {
			isa = XCBuildConfiguration;
			buildSettings = {
				ASSETCATALOG_COMPILER_APPICON_NAME = AppIcon;
				CODE_SIGN_STYLE = Automatic;
				DEVELOPMENT_TEAM = 3D7RY4393N;
				INFOPLIST_FILE = LaurelmojiCatalyst/Info.plist;
				LD_RUNPATH_SEARCH_PATHS = (
					"$(inherited)",
					"@executable_path/Frameworks",
				);
				PRODUCT_BUNDLE_IDENTIFIER = com.worthdoingbadly.LaurelmojiCatalyst;
				PRODUCT_NAME = "$(TARGET_NAME)";
				TARGETED_DEVICE_FAMILY = "1,2";
			};
			name = Release;
		};
/* End XCBuildConfiguration section */

/* Begin XCConfigurationList section */
		C581F601235B74870059B3E4 /* Build configuration list for PBXProject "LaurelmojiCatalyst" */ = {
			isa = XCConfigurationList;
			buildConfigurations = (
				C581F61D235B748B0059B3E4 /* Debug */,
				C581F61E235B748B0059B3E4 /* Release */,
			);
			defaultConfigurationIsVisible = 0;
			defaultConfigurationName = Release;
		};
		C581F61F235B748B0059B3E4 /* Build configuration list for PBXNativeTarget "LaurelmojiCatalyst" */ = {
			isa = XCConfigurationList;
			buildConfigurations = (
				C581F620235B748B0059B3E4 /* Debug */,
				C581F621235B748B0059B3E4 /* Release */,
			);
			defaultConfigurationIsVisible = 0;
			defaultConfigurationName = Release;
		};
/* End XCConfigurationList section */
	};
	rootObject = C581F5FE235B74870059B3E4 /* Project object */;
}
